<?xml version="1.0" encoding="UTF-8"?>
<CodeBlocks_project_file>
	<FileVersion major="1" minor="6"/>
	<Project>
		<Option title="lmqtt__server"/>
		<Option makefile_is_custom="1"/>
		<Option compiler="gcc"/>
		<Option virtualFolders="CMake Files\;"/>
		<Build>
			<Target title="all">
				<Option working_dir="/home/vince/CLionProjects/lmqtt+-server"/>
				<Option type="4"/>
				<MakeCommands>
					<Build command="/usr/bin/make -f &quot;/home/vince/CLionProjects/lmqtt+-server/Makefile&quot;  VERBOSE=1 all"/>
					<CompileFile command="/usr/bin/make -f &quot;/home/vince/CLionProjects/lmqtt+-server/Makefile&quot;  VERBOSE=1 &quot;$file&quot;"/>
					<Clean command="/usr/bin/make -f &quot;/home/vince/CLionProjects/lmqtt+-server/Makefile&quot;  VERBOSE=1 clean"/>
					<DistClean command="/usr/bin/make -f &quot;/home/vince/CLionProjects/lmqtt+-server/Makefile&quot;  VERBOSE=1 clean"/>
				</MakeCommands>
			</Target>
			<Target title="rebuild_cache">
				<Option working_dir="/home/vince/CLionProjects/lmqtt+-server"/>
				<Option type="4"/>
				<MakeCommands>
					<Build command="/usr/bin/make -f &quot;/home/vince/CLionProjects/lmqtt+-server/Makefile&quot;  VERBOSE=1 rebuild_cache"/>
					<CompileFile command="/usr/bin/make -f &quot;/home/vince/CLionProjects/lmqtt+-server/Makefile&quot;  VERBOSE=1 &quot;$file&quot;"/>
					<Clean command="/usr/bin/make -f &quot;/home/vince/CLionProjects/lmqtt+-server/Makefile&quot;  VERBOSE=1 clean"/>
					<DistClean command="/usr/bin/make -f &quot;/home/vince/CLionProjects/lmqtt+-server/Makefile&quot;  VERBOSE=1 clean"/>
				</MakeCommands>
			</Target>
			<Target title="edit_cache">
				<Option working_dir="/home/vince/CLionProjects/lmqtt+-server"/>
				<Option type="4"/>
				<MakeCommands>
					<Build command="/usr/bin/make -f &quot;/home/vince/CLionProjects/lmqtt+-server/Makefile&quot;  VERBOSE=1 edit_cache"/>
					<CompileFile command="/usr/bin/make -f &quot;/home/vince/CLionProjects/lmqtt+-server/Makefile&quot;  VERBOSE=1 &quot;$file&quot;"/>
					<Clean command="/usr/bin/make -f &quot;/home/vince/CLionProjects/lmqtt+-server/Makefile&quot;  VERBOSE=1 clean"/>
					<DistClean command="/usr/bin/make -f &quot;/home/vince/CLionProjects/lmqtt+-server/Makefile&quot;  VERBOSE=1 clean"/>
				</MakeCommands>
			</Target>
			<Target title="lmqtt__server">
				<Option output="/home/vince/CLionProjects/lmqtt+-server/lmqtt__server" prefix_auto="0" extension_auto="0"/>
				<Option working_dir="/home/vince/CLionProjects/lmqtt+-server"/>
				<Option object_output="./"/>
				<Option type="1"/>
				<Option compiler="gcc"/>
				<Compiler>
					<Add directory="/home/vince/CLionProjects/lmqtt+-server/packet_handlers"/>
					<Add directory="/home/vince/CLionProjects/lmqtt+-server/parser"/>
					<Add directory="/home/vince/CLionProjects/lmqtt+-server/packets"/>
					<Add directory="/home/vince/CLionProjects/lmqtt+-server/packet_factories"/>
				</Compiler>
				<MakeCommands>
					<Build command="/usr/bin/make -f &quot;/home/vince/CLionProjects/lmqtt+-server/Makefile&quot;  VERBOSE=1 lmqtt__server"/>
					<CompileFile command="/usr/bin/make -f &quot;/home/vince/CLionProjects/lmqtt+-server/Makefile&quot;  VERBOSE=1 &quot;$file&quot;"/>
					<Clean command="/usr/bin/make -f &quot;/home/vince/CLionProjects/lmqtt+-server/Makefile&quot;  VERBOSE=1 clean"/>
					<DistClean command="/usr/bin/make -f &quot;/home/vince/CLionProjects/lmqtt+-server/Makefile&quot;  VERBOSE=1 clean"/>
				</MakeCommands>
			</Target>
			<Target title="lmqtt__server/fast">
				<Option output="/home/vince/CLionProjects/lmqtt+-server/lmqtt__server" prefix_auto="0" extension_auto="0"/>
				<Option working_dir="/home/vince/CLionProjects/lmqtt+-server"/>
				<Option object_output="./"/>
				<Option type="1"/>
				<Option compiler="gcc"/>
				<Compiler>
					<Add directory="/home/vince/CLionProjects/lmqtt+-server/packet_handlers"/>
					<Add directory="/home/vince/CLionProjects/lmqtt+-server/parser"/>
					<Add directory="/home/vince/CLionProjects/lmqtt+-server/packets"/>
					<Add directory="/home/vince/CLionProjects/lmqtt+-server/packet_factories"/>
				</Compiler>
				<MakeCommands>
					<Build command="/usr/bin/make -f &quot;/home/vince/CLionProjects/lmqtt+-server/Makefile&quot;  VERBOSE=1 lmqtt__server/fast"/>
					<CompileFile command="/usr/bin/make -f &quot;/home/vince/CLionProjects/lmqtt+-server/Makefile&quot;  VERBOSE=1 &quot;$file&quot;"/>
					<Clean command="/usr/bin/make -f &quot;/home/vince/CLionProjects/lmqtt+-server/Makefile&quot;  VERBOSE=1 clean"/>
					<DistClean command="/usr/bin/make -f &quot;/home/vince/CLionProjects/lmqtt+-server/Makefile&quot;  VERBOSE=1 clean"/>
				</MakeCommands>
			</Target>
		</Build>
		<Unit filename="/home/vince/CLionProjects/lmqtt+-server/Main.cpp">
			<Option target="lmqtt__server"/>
		</Unit>
		<Unit filename="/home/vince/CLionProjects/lmqtt+-server/PacketType.h">
			<Option target="lmqtt__server"/>
		</Unit>
		<Unit filename="/home/vince/CLionProjects/lmqtt+-server/packet_factories/ConnectPacketFactory.cpp">
			<Option target="lmqtt__server"/>
		</Unit>
		<Unit filename="/home/vince/CLionProjects/lmqtt+-server/packet_factories/ConnectPacketFactory.h">
			<Option target="lmqtt__server"/>
		</Unit>
		<Unit filename="/home/vince/CLionProjects/lmqtt+-server/packet_handlers/ConnectPacketHandler.h">
			<Option target="lmqtt__server"/>
		</Unit>
		<Unit filename="/home/vince/CLionProjects/lmqtt+-server/packet_handlers/PacketHandler.h">
			<Option target="lmqtt__server"/>
		</Unit>
		<Unit filename="/home/vince/CLionProjects/lmqtt+-server/packets/ConnectPacket.cpp">
			<Option target="lmqtt__server"/>
		</Unit>
		<Unit filename="/home/vince/CLionProjects/lmqtt+-server/packets/ConnectPacket.h">
			<Option target="lmqtt__server"/>
		</Unit>
		<Unit filename="/home/vince/CLionProjects/lmqtt+-server/packets/RawPacket.cpp">
			<Option target="lmqtt__server"/>
		</Unit>
		<Unit filename="/home/vince/CLionProjects/lmqtt+-server/packets/RawPacket.h">
			<Option target="lmqtt__server"/>
		</Unit>
		<Unit filename="/home/vince/CLionProjects/lmqtt+-server/parser/PacketParser.cpp">
			<Option target="lmqtt__server"/>
		</Unit>
		<Unit filename="/home/vince/CLionProjects/lmqtt+-server/parser/PacketParser.h">
			<Option target="lmqtt__server"/>
		</Unit>
		<Unit filename="/home/vince/CLionProjects/lmqtt+-server/parser/ParserException.cpp">
			<Option target="lmqtt__server"/>
		</Unit>
		<Unit filename="/home/vince/CLionProjects/lmqtt+-server/parser/ParserException.h">
			<Option target="lmqtt__server"/>
		</Unit>
		<Unit filename="/home/vince/CLionProjects/lmqtt+-server/CMakeLists.txt">
			<Option virtualFolder="CMake Files\"/>
		</Unit>
	</Project>
</CodeBlocks_project_file>
