<?xml version="1.0" encoding="UTF-8"?>
<CodeBlocks_project_file>
	<FileVersion major="1" minor="6"/>
	<Project>
		<Option title="lmqtt__server"/>
		<Option makefile_is_custom="1"/>
		<Option compiler="gcc"/>
		<Option virtualFolders="CMake Files\;CMake Files\client\;"/>
		<Build>
			<Target title="all">
				<Option working_dir="/home/vince/CLionProjects/lmqtt+-server"/>
				<Option type="4"/>
				<MakeCommands>
					<Build command="/usr/bin/make -f &quot;/home/vince/CLionProjects/lmqtt+-server/Makefile&quot;  VERBOSE=1 all"/>
					<CompileFile command="/usr/bin/make -f &quot;/home/vince/CLionProjects/lmqtt+-server/Makefile&quot;  VERBOSE=1 &quot;$file&quot;"/>
					<Clean command="/usr/bin/make -f &quot;/home/vince/CLionProjects/lmqtt+-server/Makefile&quot;  VERBOSE=1 clean"/>
					<DistClean command="/usr/bin/make -f &quot;/home/vince/CLionProjects/lmqtt+-server/Makefile&quot;  VERBOSE=1 clean"/>
				</MakeCommands>
			</Target>
			<Target title="rebuild_cache">
				<Option working_dir="/home/vince/CLionProjects/lmqtt+-server"/>
				<Option type="4"/>
				<MakeCommands>
					<Build command="/usr/bin/make -f &quot;/home/vince/CLionProjects/lmqtt+-server/Makefile&quot;  VERBOSE=1 rebuild_cache"/>
					<CompileFile command="/usr/bin/make -f &quot;/home/vince/CLionProjects/lmqtt+-server/Makefile&quot;  VERBOSE=1 &quot;$file&quot;"/>
					<Clean command="/usr/bin/make -f &quot;/home/vince/CLionProjects/lmqtt+-server/Makefile&quot;  VERBOSE=1 clean"/>
					<DistClean command="/usr/bin/make -f &quot;/home/vince/CLionProjects/lmqtt+-server/Makefile&quot;  VERBOSE=1 clean"/>
				</MakeCommands>
			</Target>
			<Target title="edit_cache">
				<Option working_dir="/home/vince/CLionProjects/lmqtt+-server"/>
				<Option type="4"/>
				<MakeCommands>
					<Build command="/usr/bin/make -f &quot;/home/vince/CLionProjects/lmqtt+-server/Makefile&quot;  VERBOSE=1 edit_cache"/>
					<CompileFile command="/usr/bin/make -f &quot;/home/vince/CLionProjects/lmqtt+-server/Makefile&quot;  VERBOSE=1 &quot;$file&quot;"/>
					<Clean command="/usr/bin/make -f &quot;/home/vince/CLionProjects/lmqtt+-server/Makefile&quot;  VERBOSE=1 clean"/>
					<DistClean command="/usr/bin/make -f &quot;/home/vince/CLionProjects/lmqtt+-server/Makefile&quot;  VERBOSE=1 clean"/>
				</MakeCommands>
			</Target>
			<Target title="lmqtt__server">
				<Option output="/home/vince/CLionProjects/lmqtt+-server/lmqtt__server" prefix_auto="0" extension_auto="0"/>
				<Option working_dir="/home/vince/CLionProjects/lmqtt+-server"/>
				<Option object_output="./"/>
				<Option type="1"/>
				<Option compiler="gcc"/>
				<Compiler>
					<Add directory="/home/vince/CLionProjects/lmqtt+-server/lmqtt__server"/>
					<Add directory="/home/vince/CLionProjects/lmqtt+-server/handlers"/>
					<Add directory="/home/vince/CLionProjects/lmqtt+-server/handlers/exception"/>
					<Add directory="/home/vince/CLionProjects/lmqtt+-server/io"/>
					<Add directory="/home/vince/CLionProjects/lmqtt+-server/io/exception"/>
					<Add directory="/home/vince/CLionProjects/lmqtt+-server/io/parsers"/>
					<Add directory="/home/vince/CLionProjects/lmqtt+-server/util"/>
					<Add directory="/home/vince/CLionProjects/lmqtt+-server/packets"/>
				</Compiler>
				<MakeCommands>
					<Build command="/usr/bin/make -f &quot;/home/vince/CLionProjects/lmqtt+-server/Makefile&quot;  VERBOSE=1 lmqtt__server"/>
					<CompileFile command="/usr/bin/make -f &quot;/home/vince/CLionProjects/lmqtt+-server/Makefile&quot;  VERBOSE=1 &quot;$file&quot;"/>
					<Clean command="/usr/bin/make -f &quot;/home/vince/CLionProjects/lmqtt+-server/Makefile&quot;  VERBOSE=1 clean"/>
					<DistClean command="/usr/bin/make -f &quot;/home/vince/CLionProjects/lmqtt+-server/Makefile&quot;  VERBOSE=1 clean"/>
				</MakeCommands>
			</Target>
			<Target title="lmqtt__server/fast">
				<Option output="/home/vince/CLionProjects/lmqtt+-server/lmqtt__server" prefix_auto="0" extension_auto="0"/>
				<Option working_dir="/home/vince/CLionProjects/lmqtt+-server"/>
				<Option object_output="./"/>
				<Option type="1"/>
				<Option compiler="gcc"/>
				<Compiler>
					<Add directory="/home/vince/CLionProjects/lmqtt+-server/lmqtt__server"/>
					<Add directory="/home/vince/CLionProjects/lmqtt+-server/handlers"/>
					<Add directory="/home/vince/CLionProjects/lmqtt+-server/handlers/exception"/>
					<Add directory="/home/vince/CLionProjects/lmqtt+-server/io"/>
					<Add directory="/home/vince/CLionProjects/lmqtt+-server/io/exception"/>
					<Add directory="/home/vince/CLionProjects/lmqtt+-server/io/parsers"/>
					<Add directory="/home/vince/CLionProjects/lmqtt+-server/util"/>
					<Add directory="/home/vince/CLionProjects/lmqtt+-server/packets"/>
				</Compiler>
				<MakeCommands>
					<Build command="/usr/bin/make -f &quot;/home/vince/CLionProjects/lmqtt+-server/Makefile&quot;  VERBOSE=1 lmqtt__server/fast"/>
					<CompileFile command="/usr/bin/make -f &quot;/home/vince/CLionProjects/lmqtt+-server/Makefile&quot;  VERBOSE=1 &quot;$file&quot;"/>
					<Clean command="/usr/bin/make -f &quot;/home/vince/CLionProjects/lmqtt+-server/Makefile&quot;  VERBOSE=1 clean"/>
					<DistClean command="/usr/bin/make -f &quot;/home/vince/CLionProjects/lmqtt+-server/Makefile&quot;  VERBOSE=1 clean"/>
				</MakeCommands>
			</Target>
			<Target title="lmqtt__client">
				<Option output="/home/vince/CLionProjects/lmqtt+-server/client/lmqtt__client" prefix_auto="0" extension_auto="0"/>
				<Option working_dir="/home/vince/CLionProjects/lmqtt+-server/client"/>
				<Option object_output="./"/>
				<Option type="1"/>
				<Option compiler="gcc"/>
				<Compiler>
					<Add directory="/home/vince/CLionProjects/lmqtt+-server/client/../handlers"/>
					<Add directory="/home/vince/CLionProjects/lmqtt+-server/client/../io"/>
					<Add directory="/home/vince/CLionProjects/lmqtt+-server/client/../packets"/>
					<Add directory="/home/vince/CLionProjects/lmqtt+-server/client/../packet_factories"/>
				</Compiler>
				<MakeCommands>
					<Build command="/usr/bin/make -f &quot;/home/vince/CLionProjects/lmqtt+-server/client/Makefile&quot;  VERBOSE=1 lmqtt__client"/>
					<CompileFile command="/usr/bin/make -f &quot;/home/vince/CLionProjects/lmqtt+-server/client/Makefile&quot;  VERBOSE=1 &quot;$file&quot;"/>
					<Clean command="/usr/bin/make -f &quot;/home/vince/CLionProjects/lmqtt+-server/client/Makefile&quot;  VERBOSE=1 clean"/>
					<DistClean command="/usr/bin/make -f &quot;/home/vince/CLionProjects/lmqtt+-server/client/Makefile&quot;  VERBOSE=1 clean"/>
				</MakeCommands>
			</Target>
			<Target title="lmqtt__client/fast">
				<Option output="/home/vince/CLionProjects/lmqtt+-server/client/lmqtt__client" prefix_auto="0" extension_auto="0"/>
				<Option working_dir="/home/vince/CLionProjects/lmqtt+-server/client"/>
				<Option object_output="./"/>
				<Option type="1"/>
				<Option compiler="gcc"/>
				<Compiler>
					<Add directory="/home/vince/CLionProjects/lmqtt+-server/client/../handlers"/>
					<Add directory="/home/vince/CLionProjects/lmqtt+-server/client/../io"/>
					<Add directory="/home/vince/CLionProjects/lmqtt+-server/client/../packets"/>
					<Add directory="/home/vince/CLionProjects/lmqtt+-server/client/../packet_factories"/>
				</Compiler>
				<MakeCommands>
					<Build command="/usr/bin/make -f &quot;/home/vince/CLionProjects/lmqtt+-server/client/Makefile&quot;  VERBOSE=1 lmqtt__client/fast"/>
					<CompileFile command="/usr/bin/make -f &quot;/home/vince/CLionProjects/lmqtt+-server/client/Makefile&quot;  VERBOSE=1 &quot;$file&quot;"/>
					<Clean command="/usr/bin/make -f &quot;/home/vince/CLionProjects/lmqtt+-server/client/Makefile&quot;  VERBOSE=1 clean"/>
					<DistClean command="/usr/bin/make -f &quot;/home/vince/CLionProjects/lmqtt+-server/client/Makefile&quot;  VERBOSE=1 clean"/>
				</MakeCommands>
			</Target>
		</Build>
		<Unit filename="/home/vince/CLionProjects/lmqtt+-server/Server.cpp">
			<Option target="lmqtt__server"/>
		</Unit>
		<Unit filename="/home/vince/CLionProjects/lmqtt+-server/Session.cpp">
			<Option target="lmqtt__server"/>
		</Unit>
		<Unit filename="/home/vince/CLionProjects/lmqtt+-server/Session.h">
			<Option target="lmqtt__server"/>
		</Unit>
		<Unit filename="/home/vince/CLionProjects/lmqtt+-server/client/Client.cpp">
			<Option target="lmqtt__client"/>
		</Unit>
		<Unit filename="/home/vince/CLionProjects/lmqtt+-server/handlers/ConnectPacketHandler.cpp">
			<Option target="lmqtt__server"/>
			<Option target="lmqtt__client"/>
		</Unit>
		<Unit filename="/home/vince/CLionProjects/lmqtt+-server/handlers/ConnectPacketHandler.h">
			<Option target="lmqtt__server"/>
			<Option target="lmqtt__client"/>
		</Unit>
		<Unit filename="/home/vince/CLionProjects/lmqtt+-server/handlers/PacketHandler.cpp">
			<Option target="lmqtt__server"/>
			<Option target="lmqtt__client"/>
		</Unit>
		<Unit filename="/home/vince/CLionProjects/lmqtt+-server/handlers/PacketHandler.h">
			<Option target="lmqtt__server"/>
			<Option target="lmqtt__client"/>
		</Unit>
		<Unit filename="/home/vince/CLionProjects/lmqtt+-server/handlers/exception/IllegalSessionStateException.cpp">
			<Option target="lmqtt__server"/>
			<Option target="lmqtt__client"/>
		</Unit>
		<Unit filename="/home/vince/CLionProjects/lmqtt+-server/handlers/exception/IllegalSessionStateException.h">
			<Option target="lmqtt__server"/>
			<Option target="lmqtt__client"/>
		</Unit>
		<Unit filename="/home/vince/CLionProjects/lmqtt+-server/io/PacketIOManager.cpp">
			<Option target="lmqtt__server"/>
			<Option target="lmqtt__client"/>
		</Unit>
		<Unit filename="/home/vince/CLionProjects/lmqtt+-server/io/PacketIOManager.h">
			<Option target="lmqtt__server"/>
			<Option target="lmqtt__client"/>
		</Unit>
		<Unit filename="/home/vince/CLionProjects/lmqtt+-server/io/exception/PacketIOException.cpp">
			<Option target="lmqtt__server"/>
			<Option target="lmqtt__client"/>
		</Unit>
		<Unit filename="/home/vince/CLionProjects/lmqtt+-server/io/exception/PacketIOException.h">
			<Option target="lmqtt__server"/>
			<Option target="lmqtt__client"/>
		</Unit>
		<Unit filename="/home/vince/CLionProjects/lmqtt+-server/io/exception/PacketParsingException.cpp">
			<Option target="lmqtt__server"/>
			<Option target="lmqtt__client"/>
		</Unit>
		<Unit filename="/home/vince/CLionProjects/lmqtt+-server/io/exception/PacketParsingException.h">
			<Option target="lmqtt__server"/>
			<Option target="lmqtt__client"/>
		</Unit>
		<Unit filename="/home/vince/CLionProjects/lmqtt+-server/io/parsers/ConnectPacketParser.cpp">
			<Option target="lmqtt__server"/>
			<Option target="lmqtt__client"/>
		</Unit>
		<Unit filename="/home/vince/CLionProjects/lmqtt+-server/io/parsers/ConnectPacketParser.h">
			<Option target="lmqtt__server"/>
			<Option target="lmqtt__client"/>
		</Unit>
		<Unit filename="/home/vince/CLionProjects/lmqtt+-server/io/parsers/PacketParser.cpp">
			<Option target="lmqtt__server"/>
			<Option target="lmqtt__client"/>
		</Unit>
		<Unit filename="/home/vince/CLionProjects/lmqtt+-server/io/parsers/PacketParser.h">
			<Option target="lmqtt__server"/>
			<Option target="lmqtt__client"/>
		</Unit>
		<Unit filename="/home/vince/CLionProjects/lmqtt+-server/packets/ConnectPacket.cpp">
			<Option target="lmqtt__server"/>
			<Option target="lmqtt__client"/>
		</Unit>
		<Unit filename="/home/vince/CLionProjects/lmqtt+-server/packets/ConnectPacket.h">
			<Option target="lmqtt__server"/>
			<Option target="lmqtt__client"/>
		</Unit>
		<Unit filename="/home/vince/CLionProjects/lmqtt+-server/packets/PacketType.h">
			<Option target="lmqtt__server"/>
			<Option target="lmqtt__client"/>
		</Unit>
		<Unit filename="/home/vince/CLionProjects/lmqtt+-server/packets/RawPacket.cpp">
			<Option target="lmqtt__server"/>
			<Option target="lmqtt__client"/>
		</Unit>
		<Unit filename="/home/vince/CLionProjects/lmqtt+-server/packets/RawPacket.h">
			<Option target="lmqtt__server"/>
			<Option target="lmqtt__client"/>
		</Unit>
		<Unit filename="/home/vince/CLionProjects/lmqtt+-server/util/Utils.cpp">
			<Option target="lmqtt__server"/>
			<Option target="lmqtt__client"/>
		</Unit>
		<Unit filename="/home/vince/CLionProjects/lmqtt+-server/util/Utils.h">
			<Option target="lmqtt__server"/>
			<Option target="lmqtt__client"/>
		</Unit>
		<Unit filename="/home/vince/CLionProjects/lmqtt+-server/CMakeLists.txt">
			<Option virtualFolder="CMake Files\"/>
		</Unit>
		<Unit filename="/home/vince/CLionProjects/lmqtt+-server/client/CMakeLists.txt">
			<Option virtualFolder="CMake Files\client\"/>
		</Unit>
	</Project>
</CodeBlocks_project_file>
